
Microsoft Visual Studio Solution File, Format Version 12.00
# Visual Studio Version 17
VisualStudioVersion = 17.8.34511.84
MinimumVisualStudioVersion = 10.0.40219.1
Project("{FAE04EC0-301F-11D3-BF4B-00C04F79EFBC}") = "CadastClient.View", "CadastClient.View\CadastClient.View.csproj", "{D324F82E-661B-4866-B678-0CDBCEE13A8C}"
EndProject
Project("{FAE04EC0-301F-11D3-BF4B-00C04F79EFBC}") = "CadastClient.Model", "CadastClient.Model\CadastClient.Model.csproj", "{DF26AD15-3246-4979-951A-77C766D14CEE}"
EndProject
Project("{FAE04EC0-301F-11D3-BF4B-00C04F79EFBC}") = "CadastClient.Entid", "CadastClient.Entid\CadastClient.Entid.csproj", "{E63C1A2E-9A53-4F5C-8559-BFFD2E175963}"
EndProject
Project("{FAE04EC0-301F-11D3-BF4B-00C04F79EFBC}") = "CadastClient.DAO", "CadastClient.DAO\CadastClient.DAO.csproj", "{6F6ACB8E-3C04-4097-AC8C-EC937CCB5673}"
EndProject
Global
	GlobalSection(SolutionConfigurationPlatforms) = preSolution
		Debug|Any CPU = Debug|Any CPU
		Release|Any CPU = Release|Any CPU
	EndGlobalSection
	GlobalSection(ProjectConfigurationPlatforms) = postSolution
		{D324F82E-661B-4866-B678-0CDBCEE13A8C}.Debug|Any CPU.ActiveCfg = Debug|Any CPU
		{D324F82E-661B-4866-B678-0CDBCEE13A8C}.Debug|Any CPU.Build.0 = Debug|Any CPU
		{D324F82E-661B-4866-B678-0CDBCEE13A8C}.Release|Any CPU.ActiveCfg = Release|Any CPU
		{D324F82E-661B-4866-B678-0CDBCEE13A8C}.Release|Any CPU.Build.0 = Release|Any CPU
		{DF26AD15-3246-4979-951A-77C766D14CEE}.Debug|Any CPU.ActiveCfg = Debug|Any CPU
		{DF26AD15-3246-4979-951A-77C766D14CEE}.Debug|Any CPU.Build.0 = Debug|Any CPU
		{DF26AD15-3246-4979-951A-77C766D14CEE}.Release|Any CPU.ActiveCfg = Release|Any CPU
		{DF26AD15-3246-4979-951A-77C766D14CEE}.Release|Any CPU.Build.0 = Release|Any CPU
		{E63C1A2E-9A53-4F5C-8559-BFFD2E175963}.Debug|Any CPU.ActiveCfg = Debug|Any CPU
		{E63C1A2E-9A53-4F5C-8559-BFFD2E175963}.Debug|Any CPU.Build.0 = Debug|Any CPU
		{E63C1A2E-9A53-4F5C-8559-BFFD2E175963}.Release|Any CPU.ActiveCfg = Release|Any CPU
		{E63C1A2E-9A53-4F5C-8559-BFFD2E175963}.Release|Any CPU.Build.0 = Release|Any CPU
		{6F6ACB8E-3C04-4097-AC8C-EC937CCB5673}.Debug|Any CPU.ActiveCfg = Debug|Any CPU
		{6F6ACB8E-3C04-4097-AC8C-EC937CCB5673}.Debug|Any CPU.Build.0 = Debug|Any CPU
		{6F6ACB8E-3C04-4097-AC8C-EC937CCB5673}.Release|Any CPU.ActiveCfg = Release|Any CPU
		{6F6ACB8E-3C04-4097-AC8C-EC937CCB5673}.Release|Any CPU.Build.0 = Release|Any CPU
	EndGlobalSection
	GlobalSection(SolutionProperties) = preSolution
		HideSolutionNode = FALSE
	EndGlobalSection
	GlobalSection(ExtensibilityGlobals) = postSolution
		SolutionGuid = {86261804-0C81-4EFE-AC22-8AD224A5D521}
	EndGlobalSection
EndGlobal
